
Microsoft Visual Studio Solution File, Format Version 12.00
# Visual Studio Version 17
VisualStudioVersion = 17.0.32112.339
MinimumVisualStudioVersion = 10.0.40219.1
Project("{FAE04EC0-301F-11D3-BF4B-00C04F79EFBC}") = "EvalTecnicaUnit", "EvalTecnicaUnit.csproj", "{FC5C700B-F765-4BE2-943A-0A21360D9530}"
EndProject
Project("{FAE04EC0-301F-11D3-BF4B-00C04F79EFBC}") = "EvalTecnicaUnit.EntityFramework", "..\EvalTecnicaUnit.EntityFramework\EvalTecnicaUnit.EntityFramework.csproj", "{69E6E082-5D75-4D18-9947-B91113E1DE88}"
EndProject
Project("{FAE04EC0-301F-11D3-BF4B-00C04F79EFBC}") = "EvalTecnicaUnit.Core", "..\EvalTecnicaUnit.Core\EvalTecnicaUnit.Core.csproj", "{3FF5183C-59C7-44E8-9FF7-6CB3B37B0AE6}"
EndProject
Project("{FAE04EC0-301F-11D3-BF4B-00C04F79EFBC}") = "EvalTecnicaUnit.Application", "..\EvalTecnicaUnit.Application\EvalTecnicaUnit.Application.csproj", "{C967AD45-7B77-40F2-BD1E-02DF7C44C914}"
EndProject
Global
	GlobalSection(SolutionConfigurationPlatforms) = preSolution
		Debug|Any CPU = Debug|Any CPU
		Release|Any CPU = Release|Any CPU
	EndGlobalSection
	GlobalSection(ProjectConfigurationPlatforms) = postSolution
		{FC5C700B-F765-4BE2-943A-0A21360D9530}.Debug|Any CPU.ActiveCfg = Debug|Any CPU
		{FC5C700B-F765-4BE2-943A-0A21360D9530}.Debug|Any CPU.Build.0 = Debug|Any CPU
		{FC5C700B-F765-4BE2-943A-0A21360D9530}.Release|Any CPU.ActiveCfg = Release|Any CPU
		{FC5C700B-F765-4BE2-943A-0A21360D9530}.Release|Any CPU.Build.0 = Release|Any CPU
		{69E6E082-5D75-4D18-9947-B91113E1DE88}.Debug|Any CPU.ActiveCfg = Debug|Any CPU
		{69E6E082-5D75-4D18-9947-B91113E1DE88}.Debug|Any CPU.Build.0 = Debug|Any CPU
		{69E6E082-5D75-4D18-9947-B91113E1DE88}.Release|Any CPU.ActiveCfg = Release|Any CPU
		{69E6E082-5D75-4D18-9947-B91113E1DE88}.Release|Any CPU.Build.0 = Release|Any CPU
		{3FF5183C-59C7-44E8-9FF7-6CB3B37B0AE6}.Debug|Any CPU.ActiveCfg = Debug|Any CPU
		{3FF5183C-59C7-44E8-9FF7-6CB3B37B0AE6}.Debug|Any CPU.Build.0 = Debug|Any CPU
		{3FF5183C-59C7-44E8-9FF7-6CB3B37B0AE6}.Release|Any CPU.ActiveCfg = Release|Any CPU
		{3FF5183C-59C7-44E8-9FF7-6CB3B37B0AE6}.Release|Any CPU.Build.0 = Release|Any CPU
		{C967AD45-7B77-40F2-BD1E-02DF7C44C914}.Debug|Any CPU.ActiveCfg = Debug|Any CPU
		{C967AD45-7B77-40F2-BD1E-02DF7C44C914}.Debug|Any CPU.Build.0 = Debug|Any CPU
		{C967AD45-7B77-40F2-BD1E-02DF7C44C914}.Release|Any CPU.ActiveCfg = Release|Any CPU
		{C967AD45-7B77-40F2-BD1E-02DF7C44C914}.Release|Any CPU.Build.0 = Release|Any CPU
	EndGlobalSection
	GlobalSection(SolutionProperties) = preSolution
		HideSolutionNode = FALSE
	EndGlobalSection
	GlobalSection(ExtensibilityGlobals) = postSolution
		SolutionGuid = {08A62F53-BF55-4805-9501-732E71EB8275}
	EndGlobalSection
EndGlobal
